
Microsoft Visual Studio Solution File, Format Version 12.00
# Visual Studio 2013
VisualStudioVersion = 12.0.21005.1
MinimumVisualStudioVersion = 10.0.40219.1
Project("{D2ABAB84-BF74-430A-B69E-9DC6D40DDA17}") = "CuboNorthwindISSC811", "CuboNorthwindISSC811\CuboNorthwindISSC811.dwproj", "{50D96AF9-2BD4-41AD-BC73-9D1EBC92AAB5}"
EndProject
Global
	GlobalSection(SolutionConfigurationPlatforms) = preSolution
		Development|Default = Development|Default
	EndGlobalSection
	GlobalSection(ProjectConfigurationPlatforms) = postSolution
		{50D96AF9-2BD4-41AD-BC73-9D1EBC92AAB5}.Development|Default.ActiveCfg = Development
		{50D96AF9-2BD4-41AD-BC73-9D1EBC92AAB5}.Development|Default.Build.0 = Development
		{50D96AF9-2BD4-41AD-BC73-9D1EBC92AAB5}.Development|Default.Deploy.0 = Development
	EndGlobalSection
	GlobalSection(SolutionProperties) = preSolution
		HideSolutionNode = FALSE
	EndGlobalSection
EndGlobal
